
Microsoft Visual Studio Solution File, Format Version 12.00
# Visual Studio Version 17
VisualStudioVersion = 17.2.32616.157
MinimumVisualStudioVersion = 10.0.40219.1
Project("{9A19103F-16F7-4668-BE54-9A1E7A4F7556}") = "ApexDataApi", "ApexDataApi\ApexDataApi.csproj", "{C8B8DAEC-390E-461A-AE89-EB50D539F2A2}"
EndProject
Global
	GlobalSection(SolutionConfigurationPlatforms) = preSolution
		Debug|Any CPU = Debug|Any CPU
		Release|Any CPU = Release|Any CPU
	EndGlobalSection
	GlobalSection(ProjectConfigurationPlatforms) = postSolution
		{C8B8DAEC-390E-461A-AE89-EB50D539F2A2}.Debug|Any CPU.ActiveCfg = Debug|Any CPU
		{C8B8DAEC-390E-461A-AE89-EB50D539F2A2}.Debug|Any CPU.Build.0 = Debug|Any CPU
		{C8B8DAEC-390E-461A-AE89-EB50D539F2A2}.Release|Any CPU.ActiveCfg = Release|Any CPU
		{C8B8DAEC-390E-461A-AE89-EB50D539F2A2}.Release|Any CPU.Build.0 = Release|Any CPU
	EndGlobalSection
	GlobalSection(SolutionProperties) = preSolution
		HideSolutionNode = FALSE
	EndGlobalSection
	GlobalSection(ExtensibilityGlobals) = postSolution
		SolutionGuid = {238CD7BE-9931-4164-98BC-03C02B6A1FE3}
	EndGlobalSection
EndGlobal
